// !$*UTF8*$!
{
	archiveVersion = 1;
	classes = {
	};
	objectVersion = 46;
	objects = {

/* Begin PBXBuildFile section */
		CB42CE07185B1F7F0068FA33 /* Foundation.framework in Frameworks */ = {isa = PBXBuildFile; fileRef = CB42CE06185B1F7F0068FA33 /* Foundation.framework */; };
		CB42CE09185B1F7F0068FA33 /* CoreGraphics.framework in Frameworks */ = {isa = PBXBuildFile; fileRef = CB42CE08185B1F7F0068FA33 /* CoreGraphics.framework */; };
		CB42CE0B185B1F7F0068FA33 /* UIKit.framework in Frameworks */ = {isa = PBXBuildFile; fileRef = CB42CE0A185B1F7F0068FA33 /* UIKit.framework */; };
		CB42CE11185B1F7F0068FA33 /* InfoPlist.strings in Resources */ = {isa = PBXBuildFile; fileRef = CB42CE0F185B1F7F0068FA33 /* InfoPlist.strings */; };
		CB42CE13185B1F7F0068FA33 /* main.m in Sources */ = {isa = PBXBuildFile; fileRef = CB42CE12185B1F7F0068FA33 /* main.m */; };
		CB42CE17185B1F7F0068FA33 /* AppDelegate.m in Sources */ = {isa = PBXBuildFile; fileRef = CB42CE16185B1F7F0068FA33 /* AppDelegate.m */; };
		CB42CE1A185B1F7F0068FA33 /* Main_iPhone.storyboard in Resources */ = {isa = PBXBuildFile; fileRef = CB42CE18185B1F7F0068FA33 /* Main_iPhone.storyboard */; };
		CB42CE1D185B1F7F0068FA33 /* Main_iPad.storyboard in Resources */ = {isa = PBXBuildFile; fileRef = CB42CE1B185B1F7F0068FA33 /* Main_iPad.storyboard */; };
		CB42CE20185B1F7F0068FA33 /* ViewController.m in Sources */ = {isa = PBXBuildFile; fileRef = CB42CE1F185B1F7F0068FA33 /* ViewController.m */; };
		CB42CE22185B1F7F0068FA33 /* Images.xcassets in Resources */ = {isa = PBXBuildFile; fileRef = CB42CE21185B1F7F0068FA33 /* Images.xcassets */; };
		CB42CE29185B1F800068FA33 /* XCTest.framework in Frameworks */ = {isa = PBXBuildFile; fileRef = CB42CE28185B1F800068FA33 /* XCTest.framework */; };
		CB42CE2A185B1F800068FA33 /* Foundation.framework in Frameworks */ = {isa = PBXBuildFile; fileRef = CB42CE06185B1F7F0068FA33 /* Foundation.framework */; };
		CB42CE2B185B1F800068FA33 /* UIKit.framework in Frameworks */ = {isa = PBXBuildFile; fileRef = CB42CE0A185B1F7F0068FA33 /* UIKit.framework */; };
		CB42CE33185B1F800068FA33 /* InfoPlist.strings in Resources */ = {isa = PBXBuildFile; fileRef = CB42CE31185B1F800068FA33 /* InfoPlist.strings */; };
		CB42CE35185B1F800068FA33 /* TumblrLikeMenuTests.m in Sources */ = {isa = PBXBuildFile; fileRef = CB42CE34185B1F800068FA33 /* TumblrLikeMenuTests.m */; };
/* End PBXBuildFile section */

/* Begin PBXContainerItemProxy section */
		CB42CE2C185B1F800068FA33 /* PBXContainerItemProxy */ = {
			isa = PBXContainerItemProxy;
			containerPortal = CB42CDFB185B1F7F0068FA33 /* Project object */;
			proxyType = 1;
			remoteGlobalIDString = CB42CE02185B1F7F0068FA33;
			remoteInfo = TumblrLikeMenu;
		};
/* End PBXContainerItemProxy section */

/* Begin PBXFileReference section */
		CB42CE03185B1F7F0068FA33 /* TumblrLikeMenu.app */ = {isa = PBXFileReference; explicitFileType = wrapper.application; includeInIndex = 0; path = TumblrLikeMenu.app; sourceTree = BUILT_PRODUCTS_DIR; };
		CB42CE06185B1F7F0068FA33 /* Foundation.framework */ = {isa = PBXFileReference; lastKnownFileType = wrapper.framework; name = Foundation.framework; path = System/Library/Frameworks/Foundation.framework; sourceTree = SDKROOT; };
		CB42CE08185B1F7F0068FA33 /* CoreGraphics.framework */ = {isa = PBXFileReference; lastKnownFileType = wrapper.framework; name = CoreGraphics.framework; path = System/Library/Frameworks/CoreGraphics.framework; sourceTree = SDKROOT; };
		CB42CE0A185B1F7F0068FA33 /* UIKit.framework */ = {isa = PBXFileReference; lastKnownFileType = wrapper.framework; name = UIKit.framework; path = System/Library/Frameworks/UIKit.framework; sourceTree = SDKROOT; };
		CB42CE0E185B1F7F0068FA33 /* TumblrLikeMenu-Info.plist */ = {isa = PBXFileReference; lastKnownFileType = text.plist.xml; path = "TumblrLikeMenu-Info.plist"; sourceTree = "<group>"; };
		CB42CE10185B1F7F0068FA33 /* en */ = {isa = PBXFileReference; lastKnownFileType = text.plist.strings; name = en; path = en.lproj/InfoPlist.strings; sourceTree = "<group>"; };
		CB42CE12185B1F7F0068FA33 /* main.m */ = {isa = PBXFileReference; lastKnownFileType = sourcecode.c.objc; path = main.m; sourceTree = "<group>"; };
		CB42CE14185B1F7F0068FA33 /* TumblrLikeMenu-Prefix.pch */ = {isa = PBXFileReference; lastKnownFileType = sourcecode.c.h; path = "TumblrLikeMenu-Prefix.pch"; sourceTree = "<group>"; };
		CB42CE15185B1F7F0068FA33 /* AppDelegate.h */ = {isa = PBXFileReference; lastKnownFileType = sourcecode.c.h; path = AppDelegate.h; sourceTree = "<group>"; };
		CB42CE16185B1F7F0068FA33 /* AppDelegate.m */ = {isa = PBXFileReference; lastKnownFileType = sourcecode.c.objc; path = AppDelegate.m; sourceTree = "<group>"; };
		CB42CE19185B1F7F0068FA33 /* Base */ = {isa = PBXFileReference; lastKnownFileType = file.storyboard; name = Base; path = Base.lproj/Main_iPhone.storyboard; sourceTree = "<group>"; };
		CB42CE1C185B1F7F0068FA33 /* Base */ = {isa = PBXFileReference; lastKnownFileType = file.storyboard; name = Base; path = Base.lproj/Main_iPad.storyboard; sourceTree = "<group>"; };
		CB42CE1E185B1F7F0068FA33 /* ViewController.h */ = {isa = PBXFileReference; lastKnownFileType = sourcecode.c.h; path = ViewController.h; sourceTree = "<group>"; };
		CB42CE1F185B1F7F0068FA33 /* ViewController.m */ = {isa = PBXFileReference; lastKnownFileType = sourcecode.c.objc; path = ViewController.m; sourceTree = "<group>"; };
		CB42CE21185B1F7F0068FA33 /* Images.xcassets */ = {isa = PBXFileReference; lastKnownFileType = folder.assetcatalog; path = Images.xcassets; sourceTree = "<group>"; };
		CB42CE27185B1F800068FA33 /* TumblrLikeMenuTests.xctest */ = {isa = PBXFileReference; explicitFileType = wrapper.cfbundle; includeInIndex = 0; path = TumblrLikeMenuTests.xctest; sourceTree = BUILT_PRODUCTS_DIR; };
		CB42CE28185B1F800068FA33 /* XCTest.framework */ = {isa = PBXFileReference; lastKnownFileType = wrapper.framework; name = XCTest.framework; path = Library/Frameworks/XCTest.framework; sourceTree = DEVELOPER_DIR; };
		CB42CE30185B1F800068FA33 /* TumblrLikeMenuTests-Info.plist */ = {isa = PBXFileReference; lastKnownFileType = text.plist.xml; path = "TumblrLikeMenuTests-Info.plist"; sourceTree = "<group>"; };
		CB42CE32185B1F800068FA33 /* en */ = {isa = PBXFileReference; lastKnownFileType = text.plist.strings; name = en; path = en.lproj/InfoPlist.strings; sourceTree = "<group>"; };
		CB42CE34185B1F800068FA33 /* TumblrLikeMenuTests.m */ = {isa = PBXFileReference; lastKnownFileType = sourcecode.c.objc; path = TumblrLikeMenuTests.m; sourceTree = "<group>"; };
/* End PBXFileReference section */

/* Begin PBXFrameworksBuildPhase section */
		CB42CE00185B1F7F0068FA33 /* Frameworks */ = {
			isa = PBXFrameworksBuildPhase;
			buildActionMask = 2147483647;
			files = (
				CB42CE09185B1F7F0068FA33 /* CoreGraphics.framework in Frameworks */,
				CB42CE0B185B1F7F0068FA33 /* UIKit.framework in Frameworks */,
				CB42CE07185B1F7F0068FA33 /* Foundation.framework in Frameworks */,
			);
			runOnlyForDeploymentPostprocessing = 0;
		};
		CB42CE24185B1F800068FA33 /* Frameworks */ = {
			isa = PBXFrameworksBuildPhase;
			buildActionMask = 2147483647;
			files = (
				CB42CE29185B1F800068FA33 /* XCTest.framework in Frameworks */,
				CB42CE2B185B1F800068FA33 /* UIKit.framework in Frameworks */,
				CB42CE2A185B1F800068FA33 /* Foundation.framework in Frameworks */,
			);
			runOnlyForDeploymentPostprocessing = 0;
		};
/* End PBXFrameworksBuildPhase section */

/* Begin PBXGroup section */
		CB42CDFA185B1F7F0068FA33 = {
			isa = PBXGroup;
			children = (
				CB42CE0C185B1F7F0068FA33 /* TumblrLikeMenu */,
				CB42CE2E185B1F800068FA33 /* TumblrLikeMenuTests */,
				CB42CE05185B1F7F0068FA33 /* Frameworks */,
				CB42CE04185B1F7F0068FA33 /* Products */,
			);
			sourceTree = "<group>";
		};
		CB42CE04185B1F7F0068FA33 /* Products */ = {
			isa = PBXGroup;
			children = (
				CB42CE03185B1F7F0068FA33 /* TumblrLikeMenu.app */,
				CB42CE27185B1F800068FA33 /* TumblrLikeMenuTests.xctest */,
			);
			name = Products;
			sourceTree = "<group>";
		};
		CB42CE05185B1F7F0068FA33 /* Frameworks */ = {
			isa = PBXGroup;
			children = (
				CB42CE06185B1F7F0068FA33 /* Foundation.framework */,
				CB42CE08185B1F7F0068FA33 /* CoreGraphics.framework */,
				CB42CE0A185B1F7F0068FA33 /* UIKit.framework */,
				CB42CE28185B1F800068FA33 /* XCTest.framework */,
			);
			name = Frameworks;
			sourceTree = "<group>";
		};
		CB42CE0C185B1F7F0068FA33 /* TumblrLikeMenu */ = {
			isa = PBXGroup;
			children = (
				CB42CE15185B1F7F0068FA33 /* AppDelegate.h */,
				CB42CE16185B1F7F0068FA33 /* AppDelegate.m */,
				CB42CE18185B1F7F0068FA33 /* Main_iPhone.storyboard */,
				CB42CE1B185B1F7F0068FA33 /* Main_iPad.storyboard */,
				CB42CE1E185B1F7F0068FA33 /* ViewController.h */,
				CB42CE1F185B1F7F0068FA33 /* ViewController.m */,
				CB42CE21185B1F7F0068FA33 /* Images.xcassets */,
				CB42CE0D185B1F7F0068FA33 /* Supporting Files */,
			);
			path = TumblrLikeMenu;
			sourceTree = "<group>";
		};
		CB42CE0D185B1F7F0068FA33 /* Supporting Files */ = {
			isa = PBXGroup;
			children = (
				CB42CE0E185B1F7F0068FA33 /* TumblrLikeMenu-Info.plist */,
				CB42CE0F185B1F7F0068FA33 /* InfoPlist.strings */,
				CB42CE12185B1F7F0068FA33 /* main.m */,
				CB42CE14185B1F7F0068FA33 /* TumblrLikeMenu-Prefix.pch */,
			);
			name = "Supporting Files";
			sourceTree = "<group>";
		};
		CB42CE2E185B1F800068FA33 /* TumblrLikeMenuTests */ = {
			isa = PBXGroup;
			children = (
				CB42CE34185B1F800068FA33 /* TumblrLikeMenuTests.m */,
				CB42CE2F185B1F800068FA33 /* Supporting Files */,
			);
			path = TumblrLikeMenuTests;
			sourceTree = "<group>";
		};
		CB42CE2F185B1F800068FA33 /* Supporting Files */ = {
			isa = PBXGroup;
			children = (
				CB42CE30185B1F800068FA33 /* TumblrLikeMenuTests-Info.plist */,
				CB42CE31185B1F800068FA33 /* InfoPlist.strings */,
			);
			name = "Supporting Files";
			sourceTree = "<group>";
		};
/* End PBXGroup section */

/* Begin PBXNativeTarget section */
		CB42CE02185B1F7F0068FA33 /* TumblrLikeMenu */ = {
			isa = PBXNativeTarget;
			buildConfigurationList = CB42CE38185B1F800068FA33 /* Build configuration list for PBXNativeTarget "TumblrLikeMenu" */;
			buildPhases = (
				CB42CDFF185B1F7F0068FA33 /* Sources */,
				CB42CE00185B1F7F0068FA33 /* Frameworks */,
				CB42CE01185B1F7F0068FA33 /* Resources */,
			);
			buildRules = (
			);
			dependencies = (
			);
			name = TumblrLikeMenu;
			productName = TumblrLikeMenu;
			productReference = CB42CE03185B1F7F0068FA33 /* TumblrLikeMenu.app */;
			productType = "com.apple.product-type.application";
		};
		CB42CE26185B1F800068FA33 /* TumblrLikeMenuTests */ = {
			isa = PBXNativeTarget;
			buildConfigurationList = CB42CE3B185B1F800068FA33 /* Build configuration list for PBXNativeTarget "TumblrLikeMenuTests" */;
			buildPhases = (
				CB42CE23185B1F800068FA33 /* Sources */,
				CB42CE24185B1F800068FA33 /* Frameworks */,
				CB42CE25185B1F800068FA33 /* Resources */,
			);
			buildRules = (
			);
			dependencies = (
				CB42CE2D185B1F800068FA33 /* PBXTargetDependency */,
			);
			name = TumblrLikeMenuTests;
			productName = TumblrLikeMenuTests;
			productReference = CB42CE27185B1F800068FA33 /* TumblrLikeMenuTests.xctest */;
			productType = "com.apple.product-type.bundle.unit-test";
		};
/* End PBXNativeTarget section */

/* Begin PBXProject section */
		CB42CDFB185B1F7F0068FA33 /* Project object */ = {
			isa = PBXProject;
			attributes = {
				LastUpgradeCheck = 0500;
				ORGANIZATIONNAME = "Tu You";
				TargetAttributes = {
					CB42CE26185B1F800068FA33 = {
						TestTargetID = CB42CE02185B1F7F0068FA33;
					};
				};
			};
			buildConfigurationList = CB42CDFE185B1F7F0068FA33 /* Build configuration list for PBXProject "TumblrLikeMenu" */;
			compatibilityVersion = "Xcode 3.2";
			developmentRegion = English;
			hasScannedForEncodings = 0;
			knownRegions = (
				en,
				Base,
			);
			mainGroup = CB42CDFA185B1F7F0068FA33;
			productRefGroup = CB42CE04185B1F7F0068FA33 /* Products */;
			projectDirPath = "";
			projectRoot = "";
			targets = (
				CB42CE02185B1F7F0068FA33 /* TumblrLikeMenu */,
				CB42CE26185B1F800068FA33 /* TumblrLikeMenuTests */,
			);
		};
/* End PBXProject section */

/* Begin PBXResourcesBuildPhase section */
		CB42CE01185B1F7F0068FA33 /* Resources */ = {
			isa = PBXResourcesBuildPhase;
			buildActionMask = 2147483647;
			files = (
				CB42CE1D185B1F7F0068FA33 /* Main_iPad.storyboard in Resources */,
				CB42CE22185B1F7F0068FA33 /* Images.xcassets in Resources */,
				CB42CE1A185B1F7F0068FA33 /* Main_iPhone.storyboard in Resources */,
				CB42CE11185B1F7F0068FA33 /* InfoPlist.strings in Resources */,
			);
			runOnlyForDeploymentPostprocessing = 0;
		};
		CB42CE25185B1F800068FA33 /* Resources */ = {
			isa = PBXResourcesBuildPhase;
			buildActionMask = 2147483647;
			files = (
				CB42CE33185B1F800068FA33 /* InfoPlist.strings in Resources */,
			);
			runOnlyForDeploymentPostprocessing = 0;
		};
/* End PBXResourcesBuildPhase section */

/* Begin PBXSourcesBuildPhase section */
		CB42CDFF185B1F7F0068FA33 /* Sources */ = {
			isa = PBXSourcesBuildPhase;
			buildActionMask = 2147483647;
			files = (
				CB42CE20185B1F7F0068FA33 /* ViewController.m in Sources */,
				CB42CE17185B1F7F0068FA33 /* AppDelegate.m in Sources */,
				CB42CE13185B1F7F0068FA33 /* main.m in Sources */,
			);
			runOnlyForDeploymentPostprocessing = 0;
		};
		CB42CE23185B1F800068FA33 /* Sources */ = {
			isa = PBXSourcesBuildPhase;
			buildActionMask = 2147483647;
			files = (
				CB42CE35185B1F800068FA33 /* TumblrLikeMenuTests.m in Sources */,
			);
			runOnlyForDeploymentPostprocessing = 0;
		};
/* End PBXSourcesBuildPhase section */

/* Begin PBXTargetDependency section */
		CB42CE2D185B1F800068FA33 /* PBXTargetDependency */ = {
			isa = PBXTargetDependency;
			target = CB42CE02185B1F7F0068FA33 /* TumblrLikeMenu */;
			targetProxy = CB42CE2C185B1F800068FA33 /* PBXContainerItemProxy */;
		};
/* End PBXTargetDependency section */

/* Begin PBXVariantGroup section */
		CB42CE0F185B1F7F0068FA33 /* InfoPlist.strings */ = {
			isa = PBXVariantGroup;
			children = (
				CB42CE10185B1F7F0068FA33 /* en */,
			);
			name = InfoPlist.strings;
			sourceTree = "<group>";
		};
		CB42CE18185B1F7F0068FA33 /* Main_iPhone.storyboard */ = {
			isa = PBXVariantGroup;
			children = (
				CB42CE19185B1F7F0068FA33 /* Base */,
			);
			name = Main_iPhone.storyboard;
			sourceTree = "<group>";
		};
		CB42CE1B185B1F7F0068FA33 /* Main_iPad.storyboard */ = {
			isa = PBXVariantGroup;
			children = (
				CB42CE1C185B1F7F0068FA33 /* Base */,
			);
			name = Main_iPad.storyboard;
			sourceTree = "<group>";
		};
		CB42CE31185B1F800068FA33 /* InfoPlist.strings */ = {
			isa = PBXVariantGroup;
			children = (
				CB42CE32185B1F800068FA33 /* en */,
			);
			name = InfoPlist.strings;
			sourceTree = "<group>";
		};
/* End PBXVariantGroup section */

/* Begin XCBuildConfiguration section */
		CB42CE36185B1F800068FA33 /* Debug */ = {
			isa = XCBuildConfiguration;
			buildSettings = {
				ALWAYS_SEARCH_USER_PATHS = NO;
				ARCHS = "$(ARCHS_STANDARD_INCLUDING_64_BIT)";
				CLANG_CXX_LANGUAGE_STANDARD = "gnu++0x";
				CLANG_CXX_LIBRARY = "libc++";
				CLANG_ENABLE_MODULES = YES;
				CLANG_ENABLE_OBJC_ARC = YES;
				CLANG_WARN_BOOL_CONVERSION = YES;
				CLANG_WARN_CONSTANT_CONVERSION = YES;
				CLANG_WARN_DIRECT_OBJC_ISA_USAGE = YES_ERROR;
				CLANG_WARN_EMPTY_BODY = YES;
				CLANG_WARN_ENUM_CONVERSION = YES;
				CLANG_WARN_INT_CONVERSION = YES;
				CLANG_WARN_OBJC_ROOT_CLASS = YES_ERROR;
				CLANG_WARN__DUPLICATE_METHOD_MATCH = YES;
				"CODE_SIGN_IDENTITY[sdk=iphoneos*]" = "iPhone Developer";
				COPY_PHASE_STRIP = NO;
				GCC_C_LANGUAGE_STANDARD = gnu99;
				GCC_DYNAMIC_NO_PIC = NO;
				GCC_OPTIMIZATION_LEVEL = 0;
				GCC_PREPROCESSOR_DEFINITIONS = (
					"DEBUG=1",
					"$(inherited)",
				);
				GCC_SYMBOLS_PRIVATE_EXTERN = NO;
				GCC_WARN_64_TO_32_BIT_CONVERSION = YES;
				GCC_WARN_ABOUT_RETURN_TYPE = YES_ERROR;
				GCC_WARN_UNDECLARED_SELECTOR = YES;
				GCC_WARN_UNINITIALIZED_AUTOS = YES;
				GCC_WARN_UNUSED_FUNCTION = YES;
				GCC_WARN_UNUSED_VARIABLE = YES;
				IPHONEOS_DEPLOYMENT_TARGET = 7.0;
				ONLY_ACTIVE_ARCH = YES;
				SDKROOT = iphoneos;
				TARGETED_DEVICE_FAMILY = "1,2";
			};
			name = Debug;
		};
		CB42CE37185B1F800068FA33 /* Release */ = {
			isa = XCBuildConfiguration;
			buildSettings = {
				ALWAYS_SEARCH_USER_PATHS = NO;
				ARCHS = "$(ARCHS_STANDARD_INCLUDING_64_BIT)";
				CLANG_CXX_LANGUAGE_STANDARD = "gnu++0x";
				CLANG_CXX_LIBRARY = "libc++";
				CLANG_ENABLE_MODULES = YES;
				CLANG_ENABLE_OBJC_ARC = YES;
				CLANG_WARN_BOOL_CONVERSION = YES;
				CLANG_WARN_CONSTANT_CONVERSION = YES;
				CLANG_WARN_DIRECT_OBJC_ISA_USAGE = YES_ERROR;
				CLANG_WARN_EMPTY_BODY = YES;
				CLANG_WARN_ENUM_CONVERSION = YES;
				CLANG_WARN_INT_CONVERSION = YES;
				CLANG_WARN_OBJC_ROOT_CLASS = YES_ERROR;
				CLANG_WARN__DUPLICATE_METHOD_MATCH = YES;
				"CODE_SIGN_IDENTITY[sdk=iphoneos*]" = "iPhone Developer";
				COPY_PHASE_STRIP = YES;
				ENABLE_NS_ASSERTIONS = NO;
				GCC_C_LANGUAGE_STANDARD = gnu99;
				GCC_WARN_64_TO_32_BIT_CONVERSION = YES;
				GCC_WARN_ABOUT_RETURN_TYPE = YES_ERROR;
				GCC_WARN_UNDECLARED_SELECTOR = YES;
				GCC_WARN_UNINITIALIZED_AUTOS = YES;
				GCC_WARN_UNUSED_FUNCTION = YES;
				GCC_WARN_UNUSED_VARIABLE = YES;
				IPHONEOS_DEPLOYMENT_TARGET = 7.0;
				SDKROOT = iphoneos;
				TARGETED_DEVICE_FAMILY = "1,2";
				VALIDATE_PRODUCT = YES;
			};
			name = Release;
		};
		CB42CE39185B1F800068FA33 /* Debug */ = {
			isa = XCBuildConfiguration;
			buildSettings = {
				ASSETCATALOG_COMPILER_APPICON_NAME = AppIcon;
				ASSETCATALOG_COMPILER_LAUNCHIMAGE_NAME = LaunchImage;
				GCC_PRECOMPILE_PREFIX_HEADER = YES;
				GCC_PREFIX_HEADER = "TumblrLikeMenu/TumblrLikeMenu-Prefix.pch";
				INFOPLIST_FILE = "TumblrLikeMenu/TumblrLikeMenu-Info.plist";
				PRODUCT_NAME = "$(TARGET_NAME)";
				WRAPPER_EXTENSION = app;
			};
			name = Debug;
		};
		CB42CE3A185B1F800068FA33 /* Release */ = {
			isa = XCBuildConfiguration;
			buildSettings = {
				ASSETCATALOG_COMPILER_APPICON_NAME = AppIcon;
				ASSETCATALOG_COMPILER_LAUNCHIMAGE_NAME = LaunchImage;
				GCC_PRECOMPILE_PREFIX_HEADER = YES;
				GCC_PREFIX_HEADER = "TumblrLikeMenu/TumblrLikeMenu-Prefix.pch";
				INFOPLIST_FILE = "TumblrLikeMenu/TumblrLikeMenu-Info.plist";
				PRODUCT_NAME = "$(TARGET_NAME)";
				WRAPPER_EXTENSION = app;
			};
			name = Release;
		};
		CB42CE3C185B1F800068FA33 /* Debug */ = {
			isa = XCBuildConfiguration;
			buildSettings = {
				ARCHS = "$(ARCHS_STANDARD_INCLUDING_64_BIT)";
				BUNDLE_LOADER = "$(BUILT_PRODUCTS_DIR)/TumblrLikeMenu.app/TumblrLikeMenu";
				FRAMEWORK_SEARCH_PATHS = (
					"$(SDKROOT)/Developer/Library/Frameworks",
					"$(inherited)",
					"$(DEVELOPER_FRAMEWORKS_DIR)",
				);
				GCC_PRECOMPILE_PREFIX_HEADER = YES;
				GCC_PREFIX_HEADER = "TumblrLikeMenu/TumblrLikeMenu-Prefix.pch";
				GCC_PREPROCESSOR_DEFINITIONS = (
					"DEBUG=1",
					"$(inherited)",
				);
				INFOPLIST_FILE = "TumblrLikeMenuTests/TumblrLikeMenuTests-Info.plist";
				PRODUCT_NAME = "$(TARGET_NAME)";
				TEST_HOST = "$(BUNDLE_LOADER)";
				WRAPPER_EXTENSION = xctest;
			};
			name = Debug;
		};
		CB42CE3D185B1F800068FA33 /* Release */ = {
			isa = XCBuildConfiguration;
			buildSettings = {
				ARCHS = "$(ARCHS_STANDARD_INCLUDING_64_BIT)";
				BUNDLE_LOADER = "$(BUILT_PRODUCTS_DIR)/TumblrLikeMenu.app/TumblrLikeMenu";
				FRAMEWORK_SEARCH_PATHS = (
					"$(SDKROOT)/Developer/Library/Frameworks",
					"$(inherited)",
					"$(DEVELOPER_FRAMEWORKS_DIR)",
				);
				GCC_PRECOMPILE_PREFIX_HEADER = YES;
				GCC_PREFIX_HEADER = "TumblrLikeMenu/TumblrLikeMenu-Prefix.pch";
				INFOPLIST_FILE = "TumblrLikeMenuTests/TumblrLikeMenuTests-Info.plist";
				PRODUCT_NAME = "$(TARGET_NAME)";
				TEST_HOST = "$(BUNDLE_LOADER)";
				WRAPPER_EXTENSION = xctest;
			};
			name = Release;
		};
/* End XCBuildConfiguration section */

/* Begin XCConfigurationList section */
		CB42CDFE185B1F7F0068FA33 /* Build configuration list for PBXProject "TumblrLikeMenu" */ = {
			isa = XCConfigurationList;
			buildConfigurations = (
				CB42CE36185B1F800068FA33 /* Debug */,
				CB42CE37185B1F800068FA33 /* Release */,
			);
			defaultConfigurationIsVisible = 0;
			defaultConfigurationName = Release;
		};
		CB42CE38185B1F800068FA33 /* Build configuration list for PBXNativeTarget "TumblrLikeMenu" */ = {
			isa = XCConfigurationList;
			buildConfigurations = (
				CB42CE39185B1F800068FA33 /* Debug */,
				CB42CE3A185B1F800068FA33 /* Release */,
			);
			defaultConfigurationIsVisible = 0;
			defaultConfigurationName = Release;
		};
		CB42CE3B185B1F800068FA33 /* Build configuration list for PBXNativeTarget "TumblrLikeMenuTests" */ = {
			isa = XCConfigurationList;
			buildConfigurations = (
				CB42CE3C185B1F800068FA33 /* Debug */,
				CB42CE3D185B1F800068FA33 /* Release */,
			);
			defaultConfigurationIsVisible = 0;
			defaultConfigurationName = Release;
		};
/* End XCConfigurationList section */
	};
	rootObject = CB42CDFB185B1F7F0068FA33 /* Project object */;
}
